
Microsoft Visual Studio Solution File, Format Version 12.00
# Visual Studio 15
VisualStudioVersion = 15.0.27004.2009
MinimumVisualStudioVersion = 10.0.40219.1
Project("{FAE04EC0-301F-11D3-BF4B-00C04F79EFBC}") = "Kynto", "Kynto\Kynto.csproj", "{C3695001-040C-4C90-AFDE-AF9314BBAB63}"
EndProject
Project("{2150E333-8FDC-42A3-9474-1A3956D46DE8}") = "Shared", "Shared", "{3CFC3A42-310B-4455-B28B-33B7AF11C564}"
EndProject
Project("{2150E333-8FDC-42A3-9474-1A3956D46DE8}") = "Client", "Client", "{3F6B4BA6-6C2E-424C-B913-CF45DAEA2C71}"
EndProject
Project("{2150E333-8FDC-42A3-9474-1A3956D46DE8}") = "Engine", "Engine", "{89961570-0A0E-48C9-831F-FC7DBB4915EF}"
EndProject
Project("{FAE04EC0-301F-11D3-BF4B-00C04F79EFBC}") = "Spark", "Spark\Spark.csproj", "{9059028C-0B79-48EF-8E76-BDB59AA424D7}"
EndProject
Project("{FAE04EC0-301F-11D3-BF4B-00C04F79EFBC}") = "Spark.OpenGL", "Spark.OpenGL\Spark.OpenGL.csproj", "{C407B6D2-3FBC-4517-BC6A-AD8232C307CC}"
EndProject
Project("{FAE04EC0-301F-11D3-BF4B-00C04F79EFBC}") = "Spark.Effects.Importer", "Spark.Effects.Importer\Spark.Effects.Importer.csproj", "{C3BAA3D0-59F3-4ED1-9368-EA169477F378}"
EndProject
Project("{FAE04EC0-301F-11D3-BF4B-00C04F79EFBC}") = "Spark.Windows", "Spark.Windows\Spark.Windows.csproj", "{F51647B9-C264-4A39-BBF2-5D8B6A72BE76}"
EndProject
Project("{FAE04EC0-301F-11D3-BF4B-00C04F79EFBC}") = "Spark.UI", "Spark.UI\Spark.UI.csproj", "{4F2A0C2B-15E4-4032-9B4D-4C10FC50D2F8}"
EndProject
Project("{FAE04EC0-301F-11D3-BF4B-00C04F79EFBC}") = "Spark.Content", "Spark.Content\Spark.Content.csproj", "{C3B603B6-B647-48BB-BB6A-16A9ED523C13}"
EndProject
Project("{2150E333-8FDC-42A3-9474-1A3956D46DE8}") = "Content", "Content", "{C07F9E0A-C65F-4892-8FDB-06CD55F018D0}"
EndProject
Project("{2150E333-8FDC-42A3-9474-1A3956D46DE8}") = "Features", "Features", "{C3EB112E-5435-4DF8-9D90-9DF0153D569D}"
EndProject
Project("{2150E333-8FDC-42A3-9474-1A3956D46DE8}") = "Tools", "Tools", "{B84A8FEA-CB59-4D79-8A70-E76943312CF5}"
EndProject
Project("{FAE04EC0-301F-11D3-BF4B-00C04F79EFBC}") = "Spark.Engine", "Spark.Engine\Spark.Engine.csproj", "{FA672379-53BA-4185-8A68-F4AAE99D61C1}"
EndProject
Project("{2150E333-8FDC-42A3-9474-1A3956D46DE8}") = "Platform", "Platform", "{C3CE658C-0F1A-4720-A68E-5C23044AF7F8}"
EndProject
Project("{FAE04EC0-301F-11D3-BF4B-00C04F79EFBC}") = "Spark.Toolkit", "Spark.Toolkit\Spark.Toolkit.csproj", "{D7879FD7-FC69-4219-A967-08796F8919AF}"
EndProject
Global
	GlobalSection(SolutionConfigurationPlatforms) = preSolution
		Debug|Any CPU = Debug|Any CPU
		Debug|x86 = Debug|x86
		Release|Any CPU = Release|Any CPU
		Release|x86 = Release|x86
	EndGlobalSection
	GlobalSection(ProjectConfigurationPlatforms) = postSolution
		{C3695001-040C-4C90-AFDE-AF9314BBAB63}.Debug|Any CPU.ActiveCfg = Debug|Any CPU
		{C3695001-040C-4C90-AFDE-AF9314BBAB63}.Debug|Any CPU.Build.0 = Debug|Any CPU
		{C3695001-040C-4C90-AFDE-AF9314BBAB63}.Debug|x86.ActiveCfg = Debug|Any CPU
		{C3695001-040C-4C90-AFDE-AF9314BBAB63}.Debug|x86.Build.0 = Debug|Any CPU
		{C3695001-040C-4C90-AFDE-AF9314BBAB63}.Release|Any CPU.ActiveCfg = Release|Any CPU
		{C3695001-040C-4C90-AFDE-AF9314BBAB63}.Release|Any CPU.Build.0 = Release|Any CPU
		{C3695001-040C-4C90-AFDE-AF9314BBAB63}.Release|x86.ActiveCfg = Release|x86
		{C3695001-040C-4C90-AFDE-AF9314BBAB63}.Release|x86.Build.0 = Release|x86
		{9059028C-0B79-48EF-8E76-BDB59AA424D7}.Debug|Any CPU.ActiveCfg = Debug|Any CPU
		{9059028C-0B79-48EF-8E76-BDB59AA424D7}.Debug|Any CPU.Build.0 = Debug|Any CPU
		{9059028C-0B79-48EF-8E76-BDB59AA424D7}.Debug|x86.ActiveCfg = Debug|Any CPU
		{9059028C-0B79-48EF-8E76-BDB59AA424D7}.Debug|x86.Build.0 = Debug|Any CPU
		{9059028C-0B79-48EF-8E76-BDB59AA424D7}.Release|Any CPU.ActiveCfg = Release|Any CPU
		{9059028C-0B79-48EF-8E76-BDB59AA424D7}.Release|Any CPU.Build.0 = Release|Any CPU
		{9059028C-0B79-48EF-8E76-BDB59AA424D7}.Release|x86.ActiveCfg = Release|Any CPU
		{9059028C-0B79-48EF-8E76-BDB59AA424D7}.Release|x86.Build.0 = Release|Any CPU
		{C407B6D2-3FBC-4517-BC6A-AD8232C307CC}.Debug|Any CPU.ActiveCfg = Debug|Any CPU
		{C407B6D2-3FBC-4517-BC6A-AD8232C307CC}.Debug|Any CPU.Build.0 = Debug|Any CPU
		{C407B6D2-3FBC-4517-BC6A-AD8232C307CC}.Debug|x86.ActiveCfg = Debug|Any CPU
		{C407B6D2-3FBC-4517-BC6A-AD8232C307CC}.Debug|x86.Build.0 = Debug|Any CPU
		{C407B6D2-3FBC-4517-BC6A-AD8232C307CC}.Release|Any CPU.ActiveCfg = Release|Any CPU
		{C407B6D2-3FBC-4517-BC6A-AD8232C307CC}.Release|Any CPU.Build.0 = Release|Any CPU
		{C407B6D2-3FBC-4517-BC6A-AD8232C307CC}.Release|x86.ActiveCfg = Release|Any CPU
		{C407B6D2-3FBC-4517-BC6A-AD8232C307CC}.Release|x86.Build.0 = Release|Any CPU
		{C3BAA3D0-59F3-4ED1-9368-EA169477F378}.Debug|Any CPU.ActiveCfg = Debug|Any CPU
		{C3BAA3D0-59F3-4ED1-9368-EA169477F378}.Debug|Any CPU.Build.0 = Debug|Any CPU
		{C3BAA3D0-59F3-4ED1-9368-EA169477F378}.Debug|x86.ActiveCfg = Debug|Any CPU
		{C3BAA3D0-59F3-4ED1-9368-EA169477F378}.Debug|x86.Build.0 = Debug|Any CPU
		{C3BAA3D0-59F3-4ED1-9368-EA169477F378}.Release|Any CPU.ActiveCfg = Release|Any CPU
		{C3BAA3D0-59F3-4ED1-9368-EA169477F378}.Release|Any CPU.Build.0 = Release|Any CPU
		{C3BAA3D0-59F3-4ED1-9368-EA169477F378}.Release|x86.ActiveCfg = Release|Any CPU
		{C3BAA3D0-59F3-4ED1-9368-EA169477F378}.Release|x86.Build.0 = Release|Any CPU
		{F51647B9-C264-4A39-BBF2-5D8B6A72BE76}.Debug|Any CPU.ActiveCfg = Debug|Any CPU
		{F51647B9-C264-4A39-BBF2-5D8B6A72BE76}.Debug|Any CPU.Build.0 = Debug|Any CPU
		{F51647B9-C264-4A39-BBF2-5D8B6A72BE76}.Debug|x86.ActiveCfg = Debug|Any CPU
		{F51647B9-C264-4A39-BBF2-5D8B6A72BE76}.Debug|x86.Build.0 = Debug|Any CPU
		{F51647B9-C264-4A39-BBF2-5D8B6A72BE76}.Release|Any CPU.ActiveCfg = Release|Any CPU
		{F51647B9-C264-4A39-BBF2-5D8B6A72BE76}.Release|Any CPU.Build.0 = Release|Any CPU
		{F51647B9-C264-4A39-BBF2-5D8B6A72BE76}.Release|x86.ActiveCfg = Release|Any CPU
		{F51647B9-C264-4A39-BBF2-5D8B6A72BE76}.Release|x86.Build.0 = Release|Any CPU
		{4F2A0C2B-15E4-4032-9B4D-4C10FC50D2F8}.Debug|Any CPU.ActiveCfg = Debug|Any CPU
		{4F2A0C2B-15E4-4032-9B4D-4C10FC50D2F8}.Debug|Any CPU.Build.0 = Debug|Any CPU
		{4F2A0C2B-15E4-4032-9B4D-4C10FC50D2F8}.Debug|x86.ActiveCfg = Debug|Any CPU
		{4F2A0C2B-15E4-4032-9B4D-4C10FC50D2F8}.Debug|x86.Build.0 = Debug|Any CPU
		{4F2A0C2B-15E4-4032-9B4D-4C10FC50D2F8}.Release|Any CPU.ActiveCfg = Release|Any CPU
		{4F2A0C2B-15E4-4032-9B4D-4C10FC50D2F8}.Release|Any CPU.Build.0 = Release|Any CPU
		{4F2A0C2B-15E4-4032-9B4D-4C10FC50D2F8}.Release|x86.ActiveCfg = Release|Any CPU
		{4F2A0C2B-15E4-4032-9B4D-4C10FC50D2F8}.Release|x86.Build.0 = Release|Any CPU
		{C3B603B6-B647-48BB-BB6A-16A9ED523C13}.Debug|Any CPU.ActiveCfg = Debug|Any CPU
		{C3B603B6-B647-48BB-BB6A-16A9ED523C13}.Debug|Any CPU.Build.0 = Debug|Any CPU
		{C3B603B6-B647-48BB-BB6A-16A9ED523C13}.Debug|x86.ActiveCfg = Debug|Any CPU
		{C3B603B6-B647-48BB-BB6A-16A9ED523C13}.Debug|x86.Build.0 = Debug|Any CPU
		{C3B603B6-B647-48BB-BB6A-16A9ED523C13}.Release|Any CPU.ActiveCfg = Release|Any CPU
		{C3B603B6-B647-48BB-BB6A-16A9ED523C13}.Release|Any CPU.Build.0 = Release|Any CPU
		{C3B603B6-B647-48BB-BB6A-16A9ED523C13}.Release|x86.ActiveCfg = Release|Any CPU
		{C3B603B6-B647-48BB-BB6A-16A9ED523C13}.Release|x86.Build.0 = Release|Any CPU
		{FA672379-53BA-4185-8A68-F4AAE99D61C1}.Debug|Any CPU.ActiveCfg = Debug|Any CPU
		{FA672379-53BA-4185-8A68-F4AAE99D61C1}.Debug|Any CPU.Build.0 = Debug|Any CPU
		{FA672379-53BA-4185-8A68-F4AAE99D61C1}.Debug|x86.ActiveCfg = Debug|Any CPU
		{FA672379-53BA-4185-8A68-F4AAE99D61C1}.Debug|x86.Build.0 = Debug|Any CPU
		{FA672379-53BA-4185-8A68-F4AAE99D61C1}.Release|Any CPU.ActiveCfg = Release|Any CPU
		{FA672379-53BA-4185-8A68-F4AAE99D61C1}.Release|Any CPU.Build.0 = Release|Any CPU
		{FA672379-53BA-4185-8A68-F4AAE99D61C1}.Release|x86.ActiveCfg = Release|Any CPU
		{FA672379-53BA-4185-8A68-F4AAE99D61C1}.Release|x86.Build.0 = Release|Any CPU
		{D7879FD7-FC69-4219-A967-08796F8919AF}.Debug|Any CPU.ActiveCfg = Debug|Any CPU
		{D7879FD7-FC69-4219-A967-08796F8919AF}.Debug|Any CPU.Build.0 = Debug|Any CPU
		{D7879FD7-FC69-4219-A967-08796F8919AF}.Debug|x86.ActiveCfg = Debug|Any CPU
		{D7879FD7-FC69-4219-A967-08796F8919AF}.Debug|x86.Build.0 = Debug|Any CPU
		{D7879FD7-FC69-4219-A967-08796F8919AF}.Release|Any CPU.ActiveCfg = Release|Any CPU
		{D7879FD7-FC69-4219-A967-08796F8919AF}.Release|Any CPU.Build.0 = Release|Any CPU
		{D7879FD7-FC69-4219-A967-08796F8919AF}.Release|x86.ActiveCfg = Release|Any CPU
		{D7879FD7-FC69-4219-A967-08796F8919AF}.Release|x86.Build.0 = Release|Any CPU
	EndGlobalSection
	GlobalSection(SolutionProperties) = preSolution
		HideSolutionNode = FALSE
	EndGlobalSection
	GlobalSection(NestedProjects) = preSolution
		{C3695001-040C-4C90-AFDE-AF9314BBAB63} = {3F6B4BA6-6C2E-424C-B913-CF45DAEA2C71}
		{89961570-0A0E-48C9-831F-FC7DBB4915EF} = {3CFC3A42-310B-4455-B28B-33B7AF11C564}
		{9059028C-0B79-48EF-8E76-BDB59AA424D7} = {89961570-0A0E-48C9-831F-FC7DBB4915EF}
		{C407B6D2-3FBC-4517-BC6A-AD8232C307CC} = {C3CE658C-0F1A-4720-A68E-5C23044AF7F8}
		{C3BAA3D0-59F3-4ED1-9368-EA169477F378} = {C07F9E0A-C65F-4892-8FDB-06CD55F018D0}
		{F51647B9-C264-4A39-BBF2-5D8B6A72BE76} = {C3CE658C-0F1A-4720-A68E-5C23044AF7F8}
		{4F2A0C2B-15E4-4032-9B4D-4C10FC50D2F8} = {C3EB112E-5435-4DF8-9D90-9DF0153D569D}
		{C3B603B6-B647-48BB-BB6A-16A9ED523C13} = {C07F9E0A-C65F-4892-8FDB-06CD55F018D0}
		{C07F9E0A-C65F-4892-8FDB-06CD55F018D0} = {89961570-0A0E-48C9-831F-FC7DBB4915EF}
		{C3EB112E-5435-4DF8-9D90-9DF0153D569D} = {89961570-0A0E-48C9-831F-FC7DBB4915EF}
		{B84A8FEA-CB59-4D79-8A70-E76943312CF5} = {89961570-0A0E-48C9-831F-FC7DBB4915EF}
		{FA672379-53BA-4185-8A68-F4AAE99D61C1} = {89961570-0A0E-48C9-831F-FC7DBB4915EF}
		{C3CE658C-0F1A-4720-A68E-5C23044AF7F8} = {89961570-0A0E-48C9-831F-FC7DBB4915EF}
		{D7879FD7-FC69-4219-A967-08796F8919AF} = {C3EB112E-5435-4DF8-9D90-9DF0153D569D}
	EndGlobalSection
	GlobalSection(ExtensibilityGlobals) = postSolution
		SolutionGuid = {041C5FF0-044C-4ECD-AC01-A8C73CE99DB8}
	EndGlobalSection
EndGlobal
