
Microsoft Visual Studio Solution File, Format Version 12.00
# Visual Studio 15
VisualStudioVersion = 15.0.26430.14
MinimumVisualStudioVersion = 10.0.40219.1
Project("{FAE04EC0-301F-11D3-BF4B-00C04F79EFBC}") = "Kynto", "Kynto\Kynto.csproj", "{C3695001-040C-4C90-AFDE-AF9314BBAB63}"
EndProject
Project("{2150E333-8FDC-42A3-9474-1A3956D46DE8}") = "Shared", "Shared", "{3CFC3A42-310B-4455-B28B-33B7AF11C564}"
EndProject
Project("{2150E333-8FDC-42A3-9474-1A3956D46DE8}") = "Client", "Client", "{3F6B4BA6-6C2E-424C-B913-CF45DAEA2C71}"
EndProject
Project("{2150E333-8FDC-42A3-9474-1A3956D46DE8}") = "Engine", "Engine", "{89961570-0A0E-48C9-831F-FC7DBB4915EF}"
EndProject
Project("{FAE04EC0-301F-11D3-BF4B-00C04F79EFBC}") = "Spark", "Spark\Spark.csproj", "{9059028C-0B79-48EF-8E76-BDB59AA424D7}"
EndProject
Project("{FAE04EC0-301F-11D3-BF4B-00C04F79EFBC}") = "Spark.OpenGL", "Spark.OpenGL\Spark.OpenGL.csproj", "{C407B6D2-3FBC-4517-BC6A-AD8232C307CC}"
EndProject
Project("{FAE04EC0-301F-11D3-BF4B-00C04F79EFBC}") = "Spark.Effects.Importer", "Spark.Effects.Importer\Spark.Effects.Importer.csproj", "{C3BAA3D0-59F3-4ED1-9368-EA169477F378}"
EndProject
Project("{FAE04EC0-301F-11D3-BF4B-00C04F79EFBC}") = "Spark.Windows", "Spark.Windows\Spark.Windows.csproj", "{F51647B9-C264-4A39-BBF2-5D8B6A72BE76}"
EndProject
Project("{FAE04EC0-301F-11D3-BF4B-00C04F79EFBC}") = "Spark.UI", "Spark.UI\Spark.UI.csproj", "{4F2A0C2B-15E4-4032-9B4D-4C10FC50D2F8}"
EndProject
Project("{FAE04EC0-301F-11D3-BF4B-00C04F79EFBC}") = "Spark.Content", "Spark.Content\Spark.Content.csproj", "{C3B603B6-B647-48BB-BB6A-16A9ED523C13}"
EndProject
Global
	GlobalSection(SolutionConfigurationPlatforms) = preSolution
		Debug|Any CPU = Debug|Any CPU
		Debug|x86 = Debug|x86
		Release|Any CPU = Release|Any CPU
		Release|x86 = Release|x86
	EndGlobalSection
	GlobalSection(ProjectConfigurationPlatforms) = postSolution
		{C3695001-040C-4C90-AFDE-AF9314BBAB63}.Debug|Any CPU.ActiveCfg = Debug|Any CPU
		{C3695001-040C-4C90-AFDE-AF9314BBAB63}.Debug|Any CPU.Build.0 = Debug|Any CPU
		{C3695001-040C-4C90-AFDE-AF9314BBAB63}.Debug|x86.ActiveCfg = Debug|Any CPU
		{C3695001-040C-4C90-AFDE-AF9314BBAB63}.Debug|x86.Build.0 = Debug|Any CPU
		{C3695001-040C-4C90-AFDE-AF9314BBAB63}.Release|Any CPU.ActiveCfg = Release|Any CPU
		{C3695001-040C-4C90-AFDE-AF9314BBAB63}.Release|Any CPU.Build.0 = Release|Any CPU
		{C3695001-040C-4C90-AFDE-AF9314BBAB63}.Release|x86.ActiveCfg = Release|x86
		{C3695001-040C-4C90-AFDE-AF9314BBAB63}.Release|x86.Build.0 = Release|x86
		{9059028C-0B79-48EF-8E76-BDB59AA424D7}.Debug|Any CPU.ActiveCfg = Debug|Any CPU
		{9059028C-0B79-48EF-8E76-BDB59AA424D7}.Debug|Any CPU.Build.0 = Debug|Any CPU
		{9059028C-0B79-48EF-8E76-BDB59AA424D7}.Debug|x86.ActiveCfg = Debug|Any CPU
		{9059028C-0B79-48EF-8E76-BDB59AA424D7}.Debug|x86.Build.0 = Debug|Any CPU
		{9059028C-0B79-48EF-8E76-BDB59AA424D7}.Release|Any CPU.ActiveCfg = Release|Any CPU
		{9059028C-0B79-48EF-8E76-BDB59AA424D7}.Release|Any CPU.Build.0 = Release|Any CPU
		{9059028C-0B79-48EF-8E76-BDB59AA424D7}.Release|x86.ActiveCfg = Release|Any CPU
		{9059028C-0B79-48EF-8E76-BDB59AA424D7}.Release|x86.Build.0 = Release|Any CPU
		{C407B6D2-3FBC-4517-BC6A-AD8232C307CC}.Debug|Any CPU.ActiveCfg = Debug|Any CPU
		{C407B6D2-3FBC-4517-BC6A-AD8232C307CC}.Debug|Any CPU.Build.0 = Debug|Any CPU
		{C407B6D2-3FBC-4517-BC6A-AD8232C307CC}.Debug|x86.ActiveCfg = Debug|Any CPU
		{C407B6D2-3FBC-4517-BC6A-AD8232C307CC}.Debug|x86.Build.0 = Debug|Any CPU
		{C407B6D2-3FBC-4517-BC6A-AD8232C307CC}.Release|Any CPU.ActiveCfg = Release|Any CPU
		{C407B6D2-3FBC-4517-BC6A-AD8232C307CC}.Release|Any CPU.Build.0 = Release|Any CPU
		{C407B6D2-3FBC-4517-BC6A-AD8232C307CC}.Release|x86.ActiveCfg = Release|Any CPU
		{C407B6D2-3FBC-4517-BC6A-AD8232C307CC}.Release|x86.Build.0 = Release|Any CPU
		{C3BAA3D0-59F3-4ED1-9368-EA169477F378}.Debug|Any CPU.ActiveCfg = Debug|Any CPU
		{C3BAA3D0-59F3-4ED1-9368-EA169477F378}.Debug|Any CPU.Build.0 = Debug|Any CPU
		{C3BAA3D0-59F3-4ED1-9368-EA169477F378}.Debug|x86.ActiveCfg = Debug|Any CPU
		{C3BAA3D0-59F3-4ED1-9368-EA169477F378}.Debug|x86.Build.0 = Debug|Any CPU
		{C3BAA3D0-59F3-4ED1-9368-EA169477F378}.Release|Any CPU.ActiveCfg = Release|Any CPU
		{C3BAA3D0-59F3-4ED1-9368-EA169477F378}.Release|Any CPU.Build.0 = Release|Any CPU
		{C3BAA3D0-59F3-4ED1-9368-EA169477F378}.Release|x86.ActiveCfg = Release|Any CPU
		{C3BAA3D0-59F3-4ED1-9368-EA169477F378}.Release|x86.Build.0 = Release|Any CPU
		{F51647B9-C264-4A39-BBF2-5D8B6A72BE76}.Debug|Any CPU.ActiveCfg = Debug|Any CPU
		{F51647B9-C264-4A39-BBF2-5D8B6A72BE76}.Debug|Any CPU.Build.0 = Debug|Any CPU
		{F51647B9-C264-4A39-BBF2-5D8B6A72BE76}.Debug|x86.ActiveCfg = Debug|Any CPU
		{F51647B9-C264-4A39-BBF2-5D8B6A72BE76}.Debug|x86.Build.0 = Debug|Any CPU
		{F51647B9-C264-4A39-BBF2-5D8B6A72BE76}.Release|Any CPU.ActiveCfg = Release|Any CPU
		{F51647B9-C264-4A39-BBF2-5D8B6A72BE76}.Release|Any CPU.Build.0 = Release|Any CPU
		{F51647B9-C264-4A39-BBF2-5D8B6A72BE76}.Release|x86.ActiveCfg = Release|Any CPU
		{F51647B9-C264-4A39-BBF2-5D8B6A72BE76}.Release|x86.Build.0 = Release|Any CPU
		{4F2A0C2B-15E4-4032-9B4D-4C10FC50D2F8}.Debug|Any CPU.ActiveCfg = Debug|Any CPU
		{4F2A0C2B-15E4-4032-9B4D-4C10FC50D2F8}.Debug|Any CPU.Build.0 = Debug|Any CPU
		{4F2A0C2B-15E4-4032-9B4D-4C10FC50D2F8}.Debug|x86.ActiveCfg = Debug|Any CPU
		{4F2A0C2B-15E4-4032-9B4D-4C10FC50D2F8}.Debug|x86.Build.0 = Debug|Any CPU
		{4F2A0C2B-15E4-4032-9B4D-4C10FC50D2F8}.Release|Any CPU.ActiveCfg = Release|Any CPU
		{4F2A0C2B-15E4-4032-9B4D-4C10FC50D2F8}.Release|Any CPU.Build.0 = Release|Any CPU
		{4F2A0C2B-15E4-4032-9B4D-4C10FC50D2F8}.Release|x86.ActiveCfg = Release|Any CPU
		{4F2A0C2B-15E4-4032-9B4D-4C10FC50D2F8}.Release|x86.Build.0 = Release|Any CPU
		{C3B603B6-B647-48BB-BB6A-16A9ED523C13}.Debug|Any CPU.ActiveCfg = Debug|Any CPU
		{C3B603B6-B647-48BB-BB6A-16A9ED523C13}.Debug|Any CPU.Build.0 = Debug|Any CPU
		{C3B603B6-B647-48BB-BB6A-16A9ED523C13}.Debug|x86.ActiveCfg = Debug|Any CPU
		{C3B603B6-B647-48BB-BB6A-16A9ED523C13}.Debug|x86.Build.0 = Debug|Any CPU
		{C3B603B6-B647-48BB-BB6A-16A9ED523C13}.Release|Any CPU.ActiveCfg = Release|Any CPU
		{C3B603B6-B647-48BB-BB6A-16A9ED523C13}.Release|Any CPU.Build.0 = Release|Any CPU
		{C3B603B6-B647-48BB-BB6A-16A9ED523C13}.Release|x86.ActiveCfg = Release|Any CPU
		{C3B603B6-B647-48BB-BB6A-16A9ED523C13}.Release|x86.Build.0 = Release|Any CPU
	EndGlobalSection
	GlobalSection(SolutionProperties) = preSolution
		HideSolutionNode = FALSE
	EndGlobalSection
	GlobalSection(NestedProjects) = preSolution
		{C3695001-040C-4C90-AFDE-AF9314BBAB63} = {3F6B4BA6-6C2E-424C-B913-CF45DAEA2C71}
		{89961570-0A0E-48C9-831F-FC7DBB4915EF} = {3CFC3A42-310B-4455-B28B-33B7AF11C564}
		{9059028C-0B79-48EF-8E76-BDB59AA424D7} = {89961570-0A0E-48C9-831F-FC7DBB4915EF}
		{C407B6D2-3FBC-4517-BC6A-AD8232C307CC} = {89961570-0A0E-48C9-831F-FC7DBB4915EF}
		{C3BAA3D0-59F3-4ED1-9368-EA169477F378} = {89961570-0A0E-48C9-831F-FC7DBB4915EF}
		{F51647B9-C264-4A39-BBF2-5D8B6A72BE76} = {89961570-0A0E-48C9-831F-FC7DBB4915EF}
		{4F2A0C2B-15E4-4032-9B4D-4C10FC50D2F8} = {89961570-0A0E-48C9-831F-FC7DBB4915EF}
		{C3B603B6-B647-48BB-BB6A-16A9ED523C13} = {89961570-0A0E-48C9-831F-FC7DBB4915EF}
	EndGlobalSection
EndGlobal
